{
  "name": "typescript-plugin-png",
  "lockfileVersion": 2,
  "requires": true,
  "packages": {
    "": {
      "name": "typescript-plugin-png",
      "license": "CC0-1.0",
      "workspaces": [
        "example"
      ],
      "dependencies": {
        "@volar/language-core": "~2.4.10",
        "@volar/typescript": "~2.4.10"
      },
      "devDependencies": {
        "@types/node": "^22.10.1",
        "typescript": "^5.7.2"
      }
    },
    "example": {
      "dependencies": {
        "typescript-plugin-png": "file:../"
      }
    },
    "node_modules/@types/node": {
      "version": "22.10.1",
      "resolved": "https://registry.npmjs.org/@types/node/-/node-22.10.1.tgz",
      "integrity": "sha512-qKgsUwfHZV2WCWLAnVP1JqnpE6Im6h3Y0+fYgMTasNQ7V++CBX5OT1as0g0f+OyubbFqhf6XVNIsmN4IIhEgGQ==",
      "dev": true,
      "license": "MIT",
      "dependencies": {
        "undici-types": "~6.20.0"
      }
    },
    "node_modules/@volar/language-core": {
      "version": "2.4.10",
      "resolved": "https://registry.npmjs.org/@volar/language-core/-/language-core-2.4.10.tgz",
      "integrity": "sha512-hG3Z13+nJmGaT+fnQzAkS0hjJRa2FCeqZt6Bd+oGNhUkQ+mTFsDETg5rqUTxyzIh5pSOGY7FHCWUS8G82AzLCA==",
      "dependencies": {
        "@volar/source-map": "2.4.10"
      }
    },
    "node_modules/@volar/source-map": {
      "version": "2.4.10",
      "resolved": "https://registry.npmjs.org/@volar/source-map/-/source-map-2.4.10.tgz",
      "integrity": "sha512-OCV+b5ihV0RF3A7vEvNyHPi4G4kFa6ukPmyVocmqm5QzOd8r5yAtiNvaPEjl8dNvgC/lj4JPryeeHLdXd62rWA=="
    },
    "node_modules/@volar/typescript": {
      "version": "2.4.10",
      "resolved": "https://registry.npmjs.org/@volar/typescript/-/typescript-2.4.10.tgz",
      "integrity": "sha512-F8ZtBMhSXyYKuBfGpYwqA5rsONnOwAVvjyE7KPYJ7wgZqo2roASqNWUnianOomJX5u1cxeRooHV59N0PhvEOgw==",
      "dependencies": {
        "@volar/language-core": "2.4.10",
        "path-browserify": "^1.0.1",
        "vscode-uri": "^3.0.8"
      }
    },
    "node_modules/example": {
      "resolved": "example",
      "link": true
    },
    "node_modules/path-browserify": {
      "version": "1.0.1",
      "resolved": "https://registry.npmjs.org/path-browserify/-/path-browserify-1.0.1.tgz",
      "integrity": "sha512-b7uo2UCUOYZcnF/3ID0lulOJi/bafxa1xPe7ZPsammBSpjSWQkjNxlt635YGS2MiR9GjvuXCtz2emr3jbsz98g=="
    },
    "node_modules/typescript": {
      "version": "5.7.2",
      "resolved": "https://registry.npmjs.org/typescript/-/typescript-5.7.2.tgz",
      "integrity": "sha512-i5t66RHxDvVN40HfDd1PsEThGNnlMCMT3jMUuoh9/0TaqWevNontacunWyN02LA9/fIbEWlcHZcgTKb9QoaLfg==",
      "dev": true,
      "bin": {
        "tsc": "bin/tsc",
        "tsserver": "bin/tsserver"
      },
      "engines": {
        "node": ">=14.17"
      }
    },
    "node_modules/typescript-plugin-png": {
      "resolved": "",
      "link": true
    },
    "node_modules/undici-types": {
      "version": "6.20.0",
      "resolved": "https://registry.npmjs.org/undici-types/-/undici-types-6.20.0.tgz",
      "integrity": "sha512-Ny6QZ2Nju20vw1SRHe3d9jVu6gJ+4e3+MMpqu7pqE5HT6WsTSlce++GQmK5UXS8mzV8DSYHrQH+Xrf2jVcuKNg==",
      "dev": true,
      "license": "MIT"
    },
    "node_modules/vscode-uri": {
      "version": "3.0.8",
      "resolved": "https://registry.npmjs.org/vscode-uri/-/vscode-uri-3.0.8.tgz",
      "integrity": "sha512-AyFQ0EVmsOZOlAnxoFOGOq1SQDWAB7C6aqMGS23svWAllfOaxbuFvcT8D1i8z3Gyn8fraVeZNNmN6e9bxxXkKw=="
    }
  },
  "dependencies": {
    "@types/node": {
      "version": "22.10.1",
      "resolved": "https://registry.npmjs.org/@types/node/-/node-22.10.1.tgz",
      "integrity": "sha512-qKgsUwfHZV2WCWLAnVP1JqnpE6Im6h3Y0+fYgMTasNQ7V++CBX5OT1as0g0f+OyubbFqhf6XVNIsmN4IIhEgGQ==",
      "dev": true,
      "requires": {
        "undici-types": "~6.20.0"
      }
    },
    "@volar/language-core": {
      "version": "2.4.10",
      "resolved": "https://registry.npmjs.org/@volar/language-core/-/language-core-2.4.10.tgz",
      "integrity": "sha512-hG3Z13+nJmGaT+fnQzAkS0hjJRa2FCeqZt6Bd+oGNhUkQ+mTFsDETg5rqUTxyzIh5pSOGY7FHCWUS8G82AzLCA==",
      "requires": {
        "@volar/source-map": "2.4.10"
      }
    },
    "@volar/source-map": {
      "version": "2.4.10",
      "resolved": "https://registry.npmjs.org/@volar/source-map/-/source-map-2.4.10.tgz",
      "integrity": "sha512-OCV+b5ihV0RF3A7vEvNyHPi4G4kFa6ukPmyVocmqm5QzOd8r5yAtiNvaPEjl8dNvgC/lj4JPryeeHLdXd62rWA=="
    },
    "@volar/typescript": {
      "version": "2.4.10",
      "resolved": "https://registry.npmjs.org/@volar/typescript/-/typescript-2.4.10.tgz",
      "integrity": "sha512-F8ZtBMhSXyYKuBfGpYwqA5rsONnOwAVvjyE7KPYJ7wgZqo2roASqNWUnianOomJX5u1cxeRooHV59N0PhvEOgw==",
      "requires": {
        "@volar/language-core": "2.4.10",
        "path-browserify": "^1.0.1",
        "vscode-uri": "^3.0.8"
      }
    },
    "example": {
      "version": "file:example",
      "requires": {
        "typescript-plugin-png": "file:.."
      }
    },
    "path-browserify": {
      "version": "1.0.1",
      "resolved": "https://registry.npmjs.org/path-browserify/-/path-browserify-1.0.1.tgz",
      "integrity": "sha512-b7uo2UCUOYZcnF/3ID0lulOJi/bafxa1xPe7ZPsammBSpjSWQkjNxlt635YGS2MiR9GjvuXCtz2emr3jbsz98g=="
    },
    "typescript": {
      "version": "5.7.2",
      "resolved": "https://registry.npmjs.org/typescript/-/typescript-5.7.2.tgz",
      "integrity": "sha512-i5t66RHxDvVN40HfDd1PsEThGNnlMCMT3jMUuoh9/0TaqWevNontacunWyN02LA9/fIbEWlcHZcgTKb9QoaLfg==",
      "dev": true
    },
    "typescript-plugin-png": {
      "version": "file:",
      "requires": {
        "@types/node": "^22.10.1",
        "@volar/language-core": "~2.4.10",
        "@volar/typescript": "~2.4.10",
        "example": "file:example",
        "typescript": "^5.7.2"
      },
      "dependencies": {
        "@types/node": {
          "version": "22.10.1",
          "resolved": "https://registry.npmjs.org/@types/node/-/node-22.10.1.tgz",
          "integrity": "sha512-qKgsUwfHZV2WCWLAnVP1JqnpE6Im6h3Y0+fYgMTasNQ7V++CBX5OT1as0g0f+OyubbFqhf6XVNIsmN4IIhEgGQ==",
          "dev": true,
          "requires": {
            "undici-types": "~6.20.0"
          }
        },
        "@volar/language-core": {
          "version": "2.4.10",
          "resolved": "https://registry.npmjs.org/@volar/language-core/-/language-core-2.4.10.tgz",
          "integrity": "sha512-hG3Z13+nJmGaT+fnQzAkS0hjJRa2FCeqZt6Bd+oGNhUkQ+mTFsDETg5rqUTxyzIh5pSOGY7FHCWUS8G82AzLCA==",
          "requires": {
            "@volar/source-map": "2.4.10"
          }
        },
        "@volar/source-map": {
          "version": "2.4.10",
          "resolved": "https://registry.npmjs.org/@volar/source-map/-/source-map-2.4.10.tgz",
          "integrity": "sha512-OCV+b5ihV0RF3A7vEvNyHPi4G4kFa6ukPmyVocmqm5QzOd8r5yAtiNvaPEjl8dNvgC/lj4JPryeeHLdXd62rWA=="
        },
        "@volar/typescript": {
          "version": "2.4.10",
          "resolved": "https://registry.npmjs.org/@volar/typescript/-/typescript-2.4.10.tgz",
          "integrity": "sha512-F8ZtBMhSXyYKuBfGpYwqA5rsONnOwAVvjyE7KPYJ7wgZqo2roASqNWUnianOomJX5u1cxeRooHV59N0PhvEOgw==",
          "requires": {
            "@volar/language-core": "2.4.10",
            "path-browserify": "^1.0.1",
            "vscode-uri": "^3.0.8"
          }
        },
        "example": {
          "version": "file:example",
          "requires": {
            "typescript-plugin-png": "file:.."
          }
        },
        "path-browserify": {
          "version": "1.0.1",
          "resolved": "https://registry.npmjs.org/path-browserify/-/path-browserify-1.0.1.tgz",
          "integrity": "sha512-b7uo2UCUOYZcnF/3ID0lulOJi/bafxa1xPe7ZPsammBSpjSWQkjNxlt635YGS2MiR9GjvuXCtz2emr3jbsz98g=="
        },
        "typescript": {
          "version": "5.7.2",
          "resolved": "https://registry.npmjs.org/typescript/-/typescript-5.7.2.tgz",
          "integrity": "sha512-i5t66RHxDvVN40HfDd1PsEThGNnlMCMT3jMUuoh9/0TaqWevNontacunWyN02LA9/fIbEWlcHZcgTKb9QoaLfg==",
          "dev": true
        },
        "undici-types": {
          "version": "6.20.0",
          "resolved": "https://registry.npmjs.org/undici-types/-/undici-types-6.20.0.tgz",
          "integrity": "sha512-Ny6QZ2Nju20vw1SRHe3d9jVu6gJ+4e3+MMpqu7pqE5HT6WsTSlce++GQmK5UXS8mzV8DSYHrQH+Xrf2jVcuKNg==",
          "dev": true
        },
        "vscode-uri": {
          "version": "3.0.8",
          "resolved": "https://registry.npmjs.org/vscode-uri/-/vscode-uri-3.0.8.tgz",
          "integrity": "sha512-AyFQ0EVmsOZOlAnxoFOGOq1SQDWAB7C6aqMGS23svWAllfOaxbuFvcT8D1i8z3Gyn8fraVeZNNmN6e9bxxXkKw=="
        }
      }
    },
    "undici-types": {
      "version": "6.20.0",
      "resolved": "https://registry.npmjs.org/undici-types/-/undici-types-6.20.0.tgz",
      "integrity": "sha512-Ny6QZ2Nju20vw1SRHe3d9jVu6gJ+4e3+MMpqu7pqE5HT6WsTSlce++GQmK5UXS8mzV8DSYHrQH+Xrf2jVcuKNg==",
      "dev": true
    },
    "vscode-uri": {
      "version": "3.0.8",
      "resolved": "https://registry.npmjs.org/vscode-uri/-/vscode-uri-3.0.8.tgz",
      "integrity": "sha512-AyFQ0EVmsOZOlAnxoFOGOq1SQDWAB7C6aqMGS23svWAllfOaxbuFvcT8D1i8z3Gyn8fraVeZNNmN6e9bxxXkKw=="
    }
  }
}
